
Microsoft Visual Studio Solution File, Format Version 12.00
# Visual Studio 14
VisualStudioVersion = 14.0.25420.1
MinimumVisualStudioVersion = 10.0.40219.1
Project("{FAE04EC0-301F-11D3-BF4B-00C04F79EFBC}") = "ZLProject", "ZLProject\ZLProject.csproj", "{90F676F4-8D3E-4989-9C8C-8D125E489B2E}"
EndProject
Project("{FAE04EC0-301F-11D3-BF4B-00C04F79EFBC}") = "TransferenciaDados", "TransferenciaDados\TransferenciaDados.csproj", "{F6DF5FDF-FAFE-4944-9272-E6FEFD42DA2C}"
EndProject
Project("{FAE04EC0-301F-11D3-BF4B-00C04F79EFBC}") = "AcessoBanco", "AcessoBanco\AcessoBanco.csproj", "{D180595A-5BF5-4EF9-B367-9CC67C81B03A}"
EndProject
Global
	GlobalSection(SolutionConfigurationPlatforms) = preSolution
		Debug|Any CPU = Debug|Any CPU
		Release|Any CPU = Release|Any CPU
	EndGlobalSection
	GlobalSection(ProjectConfigurationPlatforms) = postSolution
		{90F676F4-8D3E-4989-9C8C-8D125E489B2E}.Debug|Any CPU.ActiveCfg = Debug|Any CPU
		{90F676F4-8D3E-4989-9C8C-8D125E489B2E}.Debug|Any CPU.Build.0 = Debug|Any CPU
		{90F676F4-8D3E-4989-9C8C-8D125E489B2E}.Release|Any CPU.ActiveCfg = Release|Any CPU
		{90F676F4-8D3E-4989-9C8C-8D125E489B2E}.Release|Any CPU.Build.0 = Release|Any CPU
		{F6DF5FDF-FAFE-4944-9272-E6FEFD42DA2C}.Debug|Any CPU.ActiveCfg = Debug|Any CPU
		{F6DF5FDF-FAFE-4944-9272-E6FEFD42DA2C}.Debug|Any CPU.Build.0 = Debug|Any CPU
		{F6DF5FDF-FAFE-4944-9272-E6FEFD42DA2C}.Release|Any CPU.ActiveCfg = Release|Any CPU
		{F6DF5FDF-FAFE-4944-9272-E6FEFD42DA2C}.Release|Any CPU.Build.0 = Release|Any CPU
		{D180595A-5BF5-4EF9-B367-9CC67C81B03A}.Debug|Any CPU.ActiveCfg = Debug|Any CPU
		{D180595A-5BF5-4EF9-B367-9CC67C81B03A}.Debug|Any CPU.Build.0 = Debug|Any CPU
		{D180595A-5BF5-4EF9-B367-9CC67C81B03A}.Release|Any CPU.ActiveCfg = Release|Any CPU
		{D180595A-5BF5-4EF9-B367-9CC67C81B03A}.Release|Any CPU.Build.0 = Release|Any CPU
	EndGlobalSection
	GlobalSection(SolutionProperties) = preSolution
		HideSolutionNode = FALSE
	EndGlobalSection
EndGlobal
